
Microsoft Visual Studio Solution File, Format Version 12.00
# Visual Studio Version 17
VisualStudioVersion = 17.5.33424.131
MinimumVisualStudioVersion = 10.0.40219.1
Project("{FAE04EC0-301F-11D3-BF4B-00C04F79EFBC}") = "Education.C#.Console", "Education.C#.Console\Education.C#.Console.csproj", "{F2B464AB-5FB9-4D21-A8E2-E0B73E32D899}"
EndProject
Project("{FAE04EC0-301F-11D3-BF4B-00C04F79EFBC}") = "Classes.Inheritance", "Classes.Inheritance\Classes.Inheritance.csproj", "{080603D8-2A3F-43F8-A07B-74987AD108B5}"
EndProject
Project("{FAE04EC0-301F-11D3-BF4B-00C04F79EFBC}") = "Classes.Inheritance2", "Classes.Inheritance2\Classes.Inheritance2.csproj", "{9A8E3A75-3B35-42EC-81C3-7ED03509BE60}"
EndProject
Project("{FAE04EC0-301F-11D3-BF4B-00C04F79EFBC}") = "Classes.Complex.Numbers", "Classes.Complex.Numbers\Classes.Complex.Numbers.csproj", "{2CFDB938-F418-464E-9623-85C52CF3ED2F}"
EndProject
Project("{FAE04EC0-301F-11D3-BF4B-00C04F79EFBC}") = "Console.Input.Output", "Console.Input.Output\Console.Input.Output.csproj", "{ED0BADA7-C6B7-419A-898E-C14F2F49BAE8}"
EndProject
Project("{FAE04EC0-301F-11D3-BF4B-00C04F79EFBC}") = "Console.Input.Output2", "Console.Input.Output2\Console.Input.Output2.csproj", "{7F4E2BE2-B547-4D4F-B3FE-0EEC730B4910}"
EndProject
Project("{FAE04EC0-301F-11D3-BF4B-00C04F79EFBC}") = "Console.Input.Output3", "Console,Input.Output3\Console.Input.Output3.csproj", "{293E4EE8-2EAE-4A12-8E85-4EEF8244B1EB}"
EndProject
Project("{FAE04EC0-301F-11D3-BF4B-00C04F79EFBC}") = "Arrays.Reverse", "Arrays.Reverse\Arrays.Reverse.csproj", "{92D7A7F6-0B2D-40A3-9A6A-F6426D563853}"
EndProject
Project("{FAE04EC0-301F-11D3-BF4B-00C04F79EFBC}") = "Arrays.Min.Max.Arifmetic", "Arrays.Min.Max.Arifmetic\Arrays.Min.Max.Arifmetic.csproj", "{BDA6353A-306C-404C-8073-704BCC0C7D1B}"
EndProject
Project("{FAE04EC0-301F-11D3-BF4B-00C04F79EFBC}") = "Arrays2", "Arrays2\Arrays2.csproj", "{5D407B55-8582-4BD5-8202-36C9FF8AAFCC}"
EndProject
Project("{FAE04EC0-301F-11D3-BF4B-00C04F79EFBC}") = "Arrays3", "Arrays3\Arrays3.csproj", "{55723489-8520-4CB0-A3D5-18ADCC185257}"
EndProject
Global
	GlobalSection(SolutionConfigurationPlatforms) = preSolution
		Debug|Any CPU = Debug|Any CPU
		Release|Any CPU = Release|Any CPU
	EndGlobalSection
	GlobalSection(ProjectConfigurationPlatforms) = postSolution
		{F2B464AB-5FB9-4D21-A8E2-E0B73E32D899}.Debug|Any CPU.ActiveCfg = Debug|Any CPU
		{F2B464AB-5FB9-4D21-A8E2-E0B73E32D899}.Debug|Any CPU.Build.0 = Debug|Any CPU
		{F2B464AB-5FB9-4D21-A8E2-E0B73E32D899}.Release|Any CPU.ActiveCfg = Release|Any CPU
		{F2B464AB-5FB9-4D21-A8E2-E0B73E32D899}.Release|Any CPU.Build.0 = Release|Any CPU
		{080603D8-2A3F-43F8-A07B-74987AD108B5}.Debug|Any CPU.ActiveCfg = Debug|Any CPU
		{080603D8-2A3F-43F8-A07B-74987AD108B5}.Debug|Any CPU.Build.0 = Debug|Any CPU
		{080603D8-2A3F-43F8-A07B-74987AD108B5}.Release|Any CPU.ActiveCfg = Release|Any CPU
		{080603D8-2A3F-43F8-A07B-74987AD108B5}.Release|Any CPU.Build.0 = Release|Any CPU
		{9A8E3A75-3B35-42EC-81C3-7ED03509BE60}.Debug|Any CPU.ActiveCfg = Debug|Any CPU
		{9A8E3A75-3B35-42EC-81C3-7ED03509BE60}.Debug|Any CPU.Build.0 = Debug|Any CPU
		{9A8E3A75-3B35-42EC-81C3-7ED03509BE60}.Release|Any CPU.ActiveCfg = Release|Any CPU
		{9A8E3A75-3B35-42EC-81C3-7ED03509BE60}.Release|Any CPU.Build.0 = Release|Any CPU
		{2CFDB938-F418-464E-9623-85C52CF3ED2F}.Debug|Any CPU.ActiveCfg = Debug|Any CPU
		{2CFDB938-F418-464E-9623-85C52CF3ED2F}.Debug|Any CPU.Build.0 = Debug|Any CPU
		{2CFDB938-F418-464E-9623-85C52CF3ED2F}.Release|Any CPU.ActiveCfg = Release|Any CPU
		{2CFDB938-F418-464E-9623-85C52CF3ED2F}.Release|Any CPU.Build.0 = Release|Any CPU
		{ED0BADA7-C6B7-419A-898E-C14F2F49BAE8}.Debug|Any CPU.ActiveCfg = Debug|Any CPU
		{ED0BADA7-C6B7-419A-898E-C14F2F49BAE8}.Debug|Any CPU.Build.0 = Debug|Any CPU
		{ED0BADA7-C6B7-419A-898E-C14F2F49BAE8}.Release|Any CPU.ActiveCfg = Release|Any CPU
		{ED0BADA7-C6B7-419A-898E-C14F2F49BAE8}.Release|Any CPU.Build.0 = Release|Any CPU
		{7F4E2BE2-B547-4D4F-B3FE-0EEC730B4910}.Debug|Any CPU.ActiveCfg = Debug|Any CPU
		{7F4E2BE2-B547-4D4F-B3FE-0EEC730B4910}.Debug|Any CPU.Build.0 = Debug|Any CPU
		{7F4E2BE2-B547-4D4F-B3FE-0EEC730B4910}.Release|Any CPU.ActiveCfg = Release|Any CPU
		{7F4E2BE2-B547-4D4F-B3FE-0EEC730B4910}.Release|Any CPU.Build.0 = Release|Any CPU
		{293E4EE8-2EAE-4A12-8E85-4EEF8244B1EB}.Debug|Any CPU.ActiveCfg = Debug|Any CPU
		{293E4EE8-2EAE-4A12-8E85-4EEF8244B1EB}.Debug|Any CPU.Build.0 = Debug|Any CPU
		{293E4EE8-2EAE-4A12-8E85-4EEF8244B1EB}.Release|Any CPU.ActiveCfg = Release|Any CPU
		{293E4EE8-2EAE-4A12-8E85-4EEF8244B1EB}.Release|Any CPU.Build.0 = Release|Any CPU
		{92D7A7F6-0B2D-40A3-9A6A-F6426D563853}.Debug|Any CPU.ActiveCfg = Debug|Any CPU
		{92D7A7F6-0B2D-40A3-9A6A-F6426D563853}.Debug|Any CPU.Build.0 = Debug|Any CPU
		{92D7A7F6-0B2D-40A3-9A6A-F6426D563853}.Release|Any CPU.ActiveCfg = Release|Any CPU
		{92D7A7F6-0B2D-40A3-9A6A-F6426D563853}.Release|Any CPU.Build.0 = Release|Any CPU
		{BDA6353A-306C-404C-8073-704BCC0C7D1B}.Debug|Any CPU.ActiveCfg = Debug|Any CPU
		{BDA6353A-306C-404C-8073-704BCC0C7D1B}.Debug|Any CPU.Build.0 = Debug|Any CPU
		{BDA6353A-306C-404C-8073-704BCC0C7D1B}.Release|Any CPU.ActiveCfg = Release|Any CPU
		{BDA6353A-306C-404C-8073-704BCC0C7D1B}.Release|Any CPU.Build.0 = Release|Any CPU
		{5D407B55-8582-4BD5-8202-36C9FF8AAFCC}.Debug|Any CPU.ActiveCfg = Debug|Any CPU
		{5D407B55-8582-4BD5-8202-36C9FF8AAFCC}.Debug|Any CPU.Build.0 = Debug|Any CPU
		{5D407B55-8582-4BD5-8202-36C9FF8AAFCC}.Release|Any CPU.ActiveCfg = Release|Any CPU
		{5D407B55-8582-4BD5-8202-36C9FF8AAFCC}.Release|Any CPU.Build.0 = Release|Any CPU
		{55723489-8520-4CB0-A3D5-18ADCC185257}.Debug|Any CPU.ActiveCfg = Debug|Any CPU
		{55723489-8520-4CB0-A3D5-18ADCC185257}.Debug|Any CPU.Build.0 = Debug|Any CPU
		{55723489-8520-4CB0-A3D5-18ADCC185257}.Release|Any CPU.ActiveCfg = Release|Any CPU
		{55723489-8520-4CB0-A3D5-18ADCC185257}.Release|Any CPU.Build.0 = Release|Any CPU
	EndGlobalSection
	GlobalSection(SolutionProperties) = preSolution
		HideSolutionNode = FALSE
	EndGlobalSection
	GlobalSection(ExtensibilityGlobals) = postSolution
		SolutionGuid = {139D6DAD-8F6B-4309-AF8F-1A4F2F9CFF8F}
	EndGlobalSection
EndGlobal
